Microsoft Visual Studio Solution File, Format Version 11.00
# Visual Studio 2008

Project("{BD42507D-50E7-7EBD-D262-171579CE81F2}") = "Horror Game P3_v_2_0", "Assembly-CSharp.csproj", "{92D0DAB7-F174-8CDF-5830-A3A4D8C16AA0}"
EndProject
Global
	GlobalSection(SolutionConfigurationPlatforms) = preSolution
		Debug|Any CPU = Debug|Any CPU
		Release|Any CPU = Release|Any CPU
	EndGlobalSection
	GlobalSection(ProjectConfigurationPlatforms) = postSolution
		{92D0DAB7-F174-8CDF-5830-A3A4D8C16AA0}.Debug|Any CPU.ActiveCfg = Debug|Any CPU
		{92D0DAB7-F174-8CDF-5830-A3A4D8C16AA0}.Debug|Any CPU.Build.0 = Debug|Any CPU
		{92D0DAB7-F174-8CDF-5830-A3A4D8C16AA0}.Release|Any CPU.ActiveCfg = Release|Any CPU
		{92D0DAB7-F174-8CDF-5830-A3A4D8C16AA0}.Release|Any CPU.Build.0 = Release|Any CPU
	EndGlobalSection
	GlobalSection(SolutionProperties) = preSolution
		HideSolutionNode = FALSE
	EndGlobalSection
	GlobalSection(MonoDevelopProperties) = preSolution
		StartupItem = Assembly-CSharp.csproj
	EndGlobalSection
EndGlobal
